
Microsoft Visual Studio Solution File, Format Version 12.00
# Visual Studio 15
VisualStudioVersion = 15.0.27703.2018
MinimumVisualStudioVersion = 10.0.40219.1
Project("{FAE04EC0-301F-11D3-BF4B-00C04F79EFBC}") = "Pixearch", "Pixearch\Pixearch.csproj", "{19307401-347F-4D70-903E-5FCB23C5F0B0}"
EndProject
Project("{FAE04EC0-301F-11D3-BF4B-00C04F79EFBC}") = "PixearchTest", "PixearchTest\PixearchTest.csproj", "{0DA18840-6E75-4221-A6CF-99487743FF6D}"
EndProject
Global
	GlobalSection(SolutionConfigurationPlatforms) = preSolution
		Debug|Any CPU = Debug|Any CPU
		Release|Any CPU = Release|Any CPU
	EndGlobalSection
	GlobalSection(ProjectConfigurationPlatforms) = postSolution
		{19307401-347F-4D70-903E-5FCB23C5F0B0}.Debug|Any CPU.ActiveCfg = Debug|Any CPU
		{19307401-347F-4D70-903E-5FCB23C5F0B0}.Debug|Any CPU.Build.0 = Debug|Any CPU
		{19307401-347F-4D70-903E-5FCB23C5F0B0}.Release|Any CPU.ActiveCfg = Release|Any CPU
		{19307401-347F-4D70-903E-5FCB23C5F0B0}.Release|Any CPU.Build.0 = Release|Any CPU
		{0DA18840-6E75-4221-A6CF-99487743FF6D}.Debug|Any CPU.ActiveCfg = Debug|Any CPU
		{0DA18840-6E75-4221-A6CF-99487743FF6D}.Debug|Any CPU.Build.0 = Debug|Any CPU
		{0DA18840-6E75-4221-A6CF-99487743FF6D}.Release|Any CPU.ActiveCfg = Release|Any CPU
		{0DA18840-6E75-4221-A6CF-99487743FF6D}.Release|Any CPU.Build.0 = Release|Any CPU
	EndGlobalSection
	GlobalSection(SolutionProperties) = preSolution
		HideSolutionNode = FALSE
	EndGlobalSection
	GlobalSection(ExtensibilityGlobals) = postSolution
		SolutionGuid = {934A12F7-A089-4137-B2B0-1E213A2A28F6}
	EndGlobalSection
EndGlobal
